
Microsoft Visual Studio Solution File, Format Version 12.00
# Visual Studio 2013
VisualStudioVersion = 12.0.30501.0
MinimumVisualStudioVersion = 10.0.40219.1
Project("{FAE04EC0-301F-11D3-BF4B-00C04F79EFBC}") = "ASliceOfColumbia.WP", "ASliceOfColumbia.WP\ASliceOfColumbia.WP.csproj", "{CCABDADB-6DEF-4F4A-8C73-FB229E094ACF}"
EndProject
Project("{FAE04EC0-301F-11D3-BF4B-00C04F79EFBC}") = "ASliceOfColumbia.Web", "ASliceOfColumbia.Web\ASliceOfColumbia.Web.csproj", "{407C434C-2E4C-4758-ABB5-3DAC80ADFA6A}"
EndProject
Project("{FAE04EC0-301F-11D3-BF4B-00C04F79EFBC}") = "ASliceOfColumbia.PCL", "ASliceOfColumbia.PCL\ASliceOfColumbia.PCL.csproj", "{9ECFD3D2-C6EF-45B0-A767-A174D8D3ADF1}"
EndProject
Global
	GlobalSection(SolutionConfigurationPlatforms) = preSolution
		Debug|Any CPU = Debug|Any CPU
		Debug|ARM = Debug|ARM
		Debug|x86 = Debug|x86
		Release|Any CPU = Release|Any CPU
		Release|ARM = Release|ARM
		Release|x86 = Release|x86
	EndGlobalSection
	GlobalSection(ProjectConfigurationPlatforms) = postSolution
		{CCABDADB-6DEF-4F4A-8C73-FB229E094ACF}.Debug|Any CPU.ActiveCfg = Debug|Any CPU
		{CCABDADB-6DEF-4F4A-8C73-FB229E094ACF}.Debug|Any CPU.Build.0 = Debug|Any CPU
		{CCABDADB-6DEF-4F4A-8C73-FB229E094ACF}.Debug|Any CPU.Deploy.0 = Debug|Any CPU
		{CCABDADB-6DEF-4F4A-8C73-FB229E094ACF}.Debug|ARM.ActiveCfg = Debug|ARM
		{CCABDADB-6DEF-4F4A-8C73-FB229E094ACF}.Debug|ARM.Build.0 = Debug|ARM
		{CCABDADB-6DEF-4F4A-8C73-FB229E094ACF}.Debug|ARM.Deploy.0 = Debug|ARM
		{CCABDADB-6DEF-4F4A-8C73-FB229E094ACF}.Debug|x86.ActiveCfg = Debug|x86
		{CCABDADB-6DEF-4F4A-8C73-FB229E094ACF}.Debug|x86.Build.0 = Debug|x86
		{CCABDADB-6DEF-4F4A-8C73-FB229E094ACF}.Debug|x86.Deploy.0 = Debug|x86
		{CCABDADB-6DEF-4F4A-8C73-FB229E094ACF}.Release|Any CPU.ActiveCfg = Release|Any CPU
		{CCABDADB-6DEF-4F4A-8C73-FB229E094ACF}.Release|Any CPU.Build.0 = Release|Any CPU
		{CCABDADB-6DEF-4F4A-8C73-FB229E094ACF}.Release|Any CPU.Deploy.0 = Release|Any CPU
		{CCABDADB-6DEF-4F4A-8C73-FB229E094ACF}.Release|ARM.ActiveCfg = Release|ARM
		{CCABDADB-6DEF-4F4A-8C73-FB229E094ACF}.Release|ARM.Build.0 = Release|ARM
		{CCABDADB-6DEF-4F4A-8C73-FB229E094ACF}.Release|ARM.Deploy.0 = Release|ARM
		{CCABDADB-6DEF-4F4A-8C73-FB229E094ACF}.Release|x86.ActiveCfg = Release|x86
		{CCABDADB-6DEF-4F4A-8C73-FB229E094ACF}.Release|x86.Build.0 = Release|x86
		{CCABDADB-6DEF-4F4A-8C73-FB229E094ACF}.Release|x86.Deploy.0 = Release|x86
		{407C434C-2E4C-4758-ABB5-3DAC80ADFA6A}.Debug|Any CPU.ActiveCfg = Debug|Any CPU
		{407C434C-2E4C-4758-ABB5-3DAC80ADFA6A}.Debug|Any CPU.Build.0 = Debug|Any CPU
		{407C434C-2E4C-4758-ABB5-3DAC80ADFA6A}.Debug|ARM.ActiveCfg = Debug|Any CPU
		{407C434C-2E4C-4758-ABB5-3DAC80ADFA6A}.Debug|x86.ActiveCfg = Debug|Any CPU
		{407C434C-2E4C-4758-ABB5-3DAC80ADFA6A}.Release|Any CPU.ActiveCfg = Release|Any CPU
		{407C434C-2E4C-4758-ABB5-3DAC80ADFA6A}.Release|Any CPU.Build.0 = Release|Any CPU
		{407C434C-2E4C-4758-ABB5-3DAC80ADFA6A}.Release|ARM.ActiveCfg = Release|Any CPU
		{407C434C-2E4C-4758-ABB5-3DAC80ADFA6A}.Release|x86.ActiveCfg = Release|Any CPU
		{9ECFD3D2-C6EF-45B0-A767-A174D8D3ADF1}.Debug|Any CPU.ActiveCfg = Debug|Any CPU
		{9ECFD3D2-C6EF-45B0-A767-A174D8D3ADF1}.Debug|Any CPU.Build.0 = Debug|Any CPU
		{9ECFD3D2-C6EF-45B0-A767-A174D8D3ADF1}.Debug|ARM.ActiveCfg = Debug|Any CPU
		{9ECFD3D2-C6EF-45B0-A767-A174D8D3ADF1}.Debug|x86.ActiveCfg = Debug|Any CPU
		{9ECFD3D2-C6EF-45B0-A767-A174D8D3ADF1}.Release|Any CPU.ActiveCfg = Release|Any CPU
		{9ECFD3D2-C6EF-45B0-A767-A174D8D3ADF1}.Release|Any CPU.Build.0 = Release|Any CPU
		{9ECFD3D2-C6EF-45B0-A767-A174D8D3ADF1}.Release|ARM.ActiveCfg = Release|Any CPU
		{9ECFD3D2-C6EF-45B0-A767-A174D8D3ADF1}.Release|x86.ActiveCfg = Release|Any CPU
	EndGlobalSection
	GlobalSection(SolutionProperties) = preSolution
		HideSolutionNode = FALSE
	EndGlobalSection
EndGlobal
